
Microsoft Visual Studio Solution File, Format Version 12.00
Project("{FAE04EC0-301F-11D3-BF4B-00C04F79EFBC}") = "WieBenIk", "WieBenIk\WieBenIk.csproj", "{F157BC32-0042-4526-81CC-5F27A0333F39}"
EndProject
Project("{2150E333-8FDC-42A3-9474-1A3956D46DE8}") = "H1", "H1", "{0137C12C-5F90-4A20-9E0A-BD45EE12DF8E}"
EndProject
Project("{FAE04EC0-301F-11D3-BF4B-00C04F79EFBC}") = "RommelZin", "RommelZin\RommelZin.csproj", "{B297D6DD-004E-4B95-A749-2251FF847734}"
EndProject
Project("{FAE04EC0-301F-11D3-BF4B-00C04F79EFBC}") = "Woordenslinger", "Woordenslinger\Woordenslinger.csproj", "{4828D4D1-7E82-4155-A242-92A3BE2C79CD}"
EndProject
Project("{FAE04EC0-301F-11D3-BF4B-00C04F79EFBC}") = "Tekening", "Tekening\Tekening.csproj", "{C8BBB9B1-3B6A-465D-8F89-D10F3B84CDEC}"
EndProject
Project("{FAE04EC0-301F-11D3-BF4B-00C04F79EFBC}") = "RegenboogTicket", "RegenboogTicket\RegenboogTicket.csproj", "{18054120-69D4-48EB-94C6-8D815AE742CF}"
EndProject
Project("{2150E333-8FDC-42A3-9474-1A3956D46DE8}") = "H2", "H2", "{C9098C75-D733-4A74-8B5E-74710E2E2C4C}"
EndProject
Project("{FAE04EC0-301F-11D3-BF4B-00C04F79EFBC}") = "Gemiddelde", "Gemiddelde\Gemiddelde.csproj", "{FBEB283E-E34B-4FAC-A8AD-013B22F56F5F}"
EndProject
Project("{FAE04EC0-301F-11D3-BF4B-00C04F79EFBC}") = "EuroNaarDollar", "EuroNaarDollar\EuroNaarDollar.csproj", "{19FEEF71-28BC-47A7-B552-797B1082A538}"
EndProject
Project("{FAE04EC0-301F-11D3-BF4B-00C04F79EFBC}") = "KD-ratio", "KD-ratio\KD-ratio.csproj", "{1AA0D6B0-251A-49F8-8C9B-2066FA7D8585}"
EndProject
Project("{FAE04EC0-301F-11D3-BF4B-00C04F79EFBC}") = "BTW", "BTW\BTW.csproj", "{E5909CE6-8C61-4F61-AC2B-9625A2A3C812}"
EndProject
Project("{FAE04EC0-301F-11D3-BF4B-00C04F79EFBC}") = "GewichtInSpace", "GewichtInSpace\GewichtInSpace.csproj", "{03BBFF52-B7C8-4CEF-A2FF-6A819473626C}"
EndProject
Project("{FAE04EC0-301F-11D3-BF4B-00C04F79EFBC}") = "TafelEnConsoleClear", "TafelEnConsoleClear\TafelEnConsoleClear.csproj", "{D190CD35-7DA4-4407-AD45-A9D02BAA9EEB}"
EndProject
Project("{FAE04EC0-301F-11D3-BF4B-00C04F79EFBC}") = "DeKassa", "DeKassa\DeKassa.csproj", "{C598AFCF-F895-4798-852E-3FE2A502102C}"
EndProject
Project("{FAE04EC0-301F-11D3-BF4B-00C04F79EFBC}") = "Tekstmaker", "Tekstmaker\Tekstmaker.csproj", "{A120FEBE-4FA8-4FFE-87DE-C3139CB42B01}"
EndProject
Global
	GlobalSection(SolutionConfigurationPlatforms) = preSolution
		Debug|Any CPU = Debug|Any CPU
		Release|Any CPU = Release|Any CPU
	EndGlobalSection
	GlobalSection(ProjectConfigurationPlatforms) = postSolution
		{F157BC32-0042-4526-81CC-5F27A0333F39}.Debug|Any CPU.ActiveCfg = Debug|Any CPU
		{F157BC32-0042-4526-81CC-5F27A0333F39}.Debug|Any CPU.Build.0 = Debug|Any CPU
		{F157BC32-0042-4526-81CC-5F27A0333F39}.Release|Any CPU.ActiveCfg = Release|Any CPU
		{F157BC32-0042-4526-81CC-5F27A0333F39}.Release|Any CPU.Build.0 = Release|Any CPU
		{B297D6DD-004E-4B95-A749-2251FF847734}.Debug|Any CPU.ActiveCfg = Debug|Any CPU
		{B297D6DD-004E-4B95-A749-2251FF847734}.Debug|Any CPU.Build.0 = Debug|Any CPU
		{B297D6DD-004E-4B95-A749-2251FF847734}.Release|Any CPU.ActiveCfg = Release|Any CPU
		{B297D6DD-004E-4B95-A749-2251FF847734}.Release|Any CPU.Build.0 = Release|Any CPU
		{4828D4D1-7E82-4155-A242-92A3BE2C79CD}.Debug|Any CPU.ActiveCfg = Debug|Any CPU
		{4828D4D1-7E82-4155-A242-92A3BE2C79CD}.Debug|Any CPU.Build.0 = Debug|Any CPU
		{4828D4D1-7E82-4155-A242-92A3BE2C79CD}.Release|Any CPU.ActiveCfg = Release|Any CPU
		{4828D4D1-7E82-4155-A242-92A3BE2C79CD}.Release|Any CPU.Build.0 = Release|Any CPU
		{C8BBB9B1-3B6A-465D-8F89-D10F3B84CDEC}.Debug|Any CPU.ActiveCfg = Debug|Any CPU
		{C8BBB9B1-3B6A-465D-8F89-D10F3B84CDEC}.Debug|Any CPU.Build.0 = Debug|Any CPU
		{C8BBB9B1-3B6A-465D-8F89-D10F3B84CDEC}.Release|Any CPU.ActiveCfg = Release|Any CPU
		{C8BBB9B1-3B6A-465D-8F89-D10F3B84CDEC}.Release|Any CPU.Build.0 = Release|Any CPU
		{18054120-69D4-48EB-94C6-8D815AE742CF}.Debug|Any CPU.ActiveCfg = Debug|Any CPU
		{18054120-69D4-48EB-94C6-8D815AE742CF}.Debug|Any CPU.Build.0 = Debug|Any CPU
		{18054120-69D4-48EB-94C6-8D815AE742CF}.Release|Any CPU.ActiveCfg = Release|Any CPU
		{18054120-69D4-48EB-94C6-8D815AE742CF}.Release|Any CPU.Build.0 = Release|Any CPU
		{FBEB283E-E34B-4FAC-A8AD-013B22F56F5F}.Debug|Any CPU.ActiveCfg = Debug|Any CPU
		{FBEB283E-E34B-4FAC-A8AD-013B22F56F5F}.Debug|Any CPU.Build.0 = Debug|Any CPU
		{FBEB283E-E34B-4FAC-A8AD-013B22F56F5F}.Release|Any CPU.ActiveCfg = Release|Any CPU
		{FBEB283E-E34B-4FAC-A8AD-013B22F56F5F}.Release|Any CPU.Build.0 = Release|Any CPU
		{19FEEF71-28BC-47A7-B552-797B1082A538}.Debug|Any CPU.ActiveCfg = Debug|Any CPU
		{19FEEF71-28BC-47A7-B552-797B1082A538}.Debug|Any CPU.Build.0 = Debug|Any CPU
		{19FEEF71-28BC-47A7-B552-797B1082A538}.Release|Any CPU.ActiveCfg = Release|Any CPU
		{19FEEF71-28BC-47A7-B552-797B1082A538}.Release|Any CPU.Build.0 = Release|Any CPU
		{1AA0D6B0-251A-49F8-8C9B-2066FA7D8585}.Debug|Any CPU.ActiveCfg = Debug|Any CPU
		{1AA0D6B0-251A-49F8-8C9B-2066FA7D8585}.Debug|Any CPU.Build.0 = Debug|Any CPU
		{1AA0D6B0-251A-49F8-8C9B-2066FA7D8585}.Release|Any CPU.ActiveCfg = Release|Any CPU
		{1AA0D6B0-251A-49F8-8C9B-2066FA7D8585}.Release|Any CPU.Build.0 = Release|Any CPU
		{E5909CE6-8C61-4F61-AC2B-9625A2A3C812}.Debug|Any CPU.ActiveCfg = Debug|Any CPU
		{E5909CE6-8C61-4F61-AC2B-9625A2A3C812}.Debug|Any CPU.Build.0 = Debug|Any CPU
		{E5909CE6-8C61-4F61-AC2B-9625A2A3C812}.Release|Any CPU.ActiveCfg = Release|Any CPU
		{E5909CE6-8C61-4F61-AC2B-9625A2A3C812}.Release|Any CPU.Build.0 = Release|Any CPU
		{03BBFF52-B7C8-4CEF-A2FF-6A819473626C}.Debug|Any CPU.ActiveCfg = Debug|Any CPU
		{03BBFF52-B7C8-4CEF-A2FF-6A819473626C}.Debug|Any CPU.Build.0 = Debug|Any CPU
		{03BBFF52-B7C8-4CEF-A2FF-6A819473626C}.Release|Any CPU.ActiveCfg = Release|Any CPU
		{03BBFF52-B7C8-4CEF-A2FF-6A819473626C}.Release|Any CPU.Build.0 = Release|Any CPU
		{D190CD35-7DA4-4407-AD45-A9D02BAA9EEB}.Debug|Any CPU.ActiveCfg = Debug|Any CPU
		{D190CD35-7DA4-4407-AD45-A9D02BAA9EEB}.Debug|Any CPU.Build.0 = Debug|Any CPU
		{D190CD35-7DA4-4407-AD45-A9D02BAA9EEB}.Release|Any CPU.ActiveCfg = Release|Any CPU
		{D190CD35-7DA4-4407-AD45-A9D02BAA9EEB}.Release|Any CPU.Build.0 = Release|Any CPU
		{C598AFCF-F895-4798-852E-3FE2A502102C}.Debug|Any CPU.ActiveCfg = Debug|Any CPU
		{C598AFCF-F895-4798-852E-3FE2A502102C}.Debug|Any CPU.Build.0 = Debug|Any CPU
		{C598AFCF-F895-4798-852E-3FE2A502102C}.Release|Any CPU.ActiveCfg = Release|Any CPU
		{C598AFCF-F895-4798-852E-3FE2A502102C}.Release|Any CPU.Build.0 = Release|Any CPU
		{A120FEBE-4FA8-4FFE-87DE-C3139CB42B01}.Debug|Any CPU.ActiveCfg = Debug|Any CPU
		{A120FEBE-4FA8-4FFE-87DE-C3139CB42B01}.Debug|Any CPU.Build.0 = Debug|Any CPU
		{A120FEBE-4FA8-4FFE-87DE-C3139CB42B01}.Release|Any CPU.ActiveCfg = Release|Any CPU
		{A120FEBE-4FA8-4FFE-87DE-C3139CB42B01}.Release|Any CPU.Build.0 = Release|Any CPU
	EndGlobalSection
	GlobalSection(NestedProjects) = preSolution
		{F157BC32-0042-4526-81CC-5F27A0333F39} = {0137C12C-5F90-4A20-9E0A-BD45EE12DF8E}
		{B297D6DD-004E-4B95-A749-2251FF847734} = {0137C12C-5F90-4A20-9E0A-BD45EE12DF8E}
		{4828D4D1-7E82-4155-A242-92A3BE2C79CD} = {0137C12C-5F90-4A20-9E0A-BD45EE12DF8E}
		{C8BBB9B1-3B6A-465D-8F89-D10F3B84CDEC} = {0137C12C-5F90-4A20-9E0A-BD45EE12DF8E}
		{18054120-69D4-48EB-94C6-8D815AE742CF} = {0137C12C-5F90-4A20-9E0A-BD45EE12DF8E}
		{FBEB283E-E34B-4FAC-A8AD-013B22F56F5F} = {C9098C75-D733-4A74-8B5E-74710E2E2C4C}
		{19FEEF71-28BC-47A7-B552-797B1082A538} = {C9098C75-D733-4A74-8B5E-74710E2E2C4C}
		{1AA0D6B0-251A-49F8-8C9B-2066FA7D8585} = {C9098C75-D733-4A74-8B5E-74710E2E2C4C}
		{E5909CE6-8C61-4F61-AC2B-9625A2A3C812} = {C9098C75-D733-4A74-8B5E-74710E2E2C4C}
		{03BBFF52-B7C8-4CEF-A2FF-6A819473626C} = {C9098C75-D733-4A74-8B5E-74710E2E2C4C}
		{D190CD35-7DA4-4407-AD45-A9D02BAA9EEB} = {C9098C75-D733-4A74-8B5E-74710E2E2C4C}
		{C598AFCF-F895-4798-852E-3FE2A502102C} = {C9098C75-D733-4A74-8B5E-74710E2E2C4C}
		{A120FEBE-4FA8-4FFE-87DE-C3139CB42B01} = {C9098C75-D733-4A74-8B5E-74710E2E2C4C}
	EndGlobalSection
EndGlobal
